
Microsoft Visual Studio Solution File, Format Version 12.00
# Visual Studio Version 16
VisualStudioVersion = 16.0.30517.126
MinimumVisualStudioVersion = 10.0.40219.1
Project("{FAE04EC0-301F-11D3-BF4B-00C04F79EFBC}") = "FrozenOOP", "FrozenOOP\FrozenOOP.csproj", "{6415D9F2-6F83-4A4D-AF34-A410177C748A}"
EndProject
Global
	GlobalSection(SolutionConfigurationPlatforms) = preSolution
		Debug|Any CPU = Debug|Any CPU
		Release|Any CPU = Release|Any CPU
	EndGlobalSection
	GlobalSection(ProjectConfigurationPlatforms) = postSolution
		{6415D9F2-6F83-4A4D-AF34-A410177C748A}.Debug|Any CPU.ActiveCfg = Debug|Any CPU
		{6415D9F2-6F83-4A4D-AF34-A410177C748A}.Debug|Any CPU.Build.0 = Debug|Any CPU
		{6415D9F2-6F83-4A4D-AF34-A410177C748A}.Release|Any CPU.ActiveCfg = Release|Any CPU
		{6415D9F2-6F83-4A4D-AF34-A410177C748A}.Release|Any CPU.Build.0 = Release|Any CPU
	EndGlobalSection
	GlobalSection(SolutionProperties) = preSolution
		HideSolutionNode = FALSE
	EndGlobalSection
	GlobalSection(ExtensibilityGlobals) = postSolution
		SolutionGuid = {8352F03B-A805-4C93-9C07-669E5E1C756F}
	EndGlobalSection
EndGlobal
